
Microsoft Visual Studio Solution File, Format Version 12.00
# Visual Studio Version 16
VisualStudioVersion = 16.0.28803.352
MinimumVisualStudioVersion = 15.0.26124.0
Project("{2150E333-8FDC-42A3-9474-1A3956D46DE8}") = "src", "src", "{5883FC99-E194-4F41-8645-8EE2C4E18EEF}"
EndProject
Project("{9A19103F-16F7-4668-BE54-9A1E7A4F7556}") = "tasker.Core", "src\tasker.Core\tasker.Core.csproj", "{EC3DF313-A3A3-42BD-8102-C50ADFC4AE5E}"
EndProject
Project("{9A19103F-16F7-4668-BE54-9A1E7A4F7556}") = "tasker.Tests", "test\tasker.Tests.csproj", "{05FEF598-F7F1-440C-8FAB-B6184D000AD9}"
EndProject
Project("{2150E333-8FDC-42A3-9474-1A3956D46DE8}") = "samples", "samples", "{DF6AAC18-9998-4DE9-9EDB-EB74D57CE520}"
EndProject
Project("{9A19103F-16F7-4668-BE54-9A1E7A4F7556}") = "WebApi", "samples\WebApi\WebApi.csproj", "{C240455E-6507-4267-AD66-7C7B2B28FECB}"
EndProject
Project("{2150E333-8FDC-42A3-9474-1A3956D46DE8}") = "test", "test", "{53BFA3DC-16F3-4A94-8D63-4084867980FE}"
EndProject
Global
	GlobalSection(SolutionConfigurationPlatforms) = preSolution
		Debug|Any CPU = Debug|Any CPU
		Debug|x64 = Debug|x64
		Debug|x86 = Debug|x86
		Release|Any CPU = Release|Any CPU
		Release|x64 = Release|x64
		Release|x86 = Release|x86
	EndGlobalSection
	GlobalSection(ProjectConfigurationPlatforms) = postSolution
		{EC3DF313-A3A3-42BD-8102-C50ADFC4AE5E}.Debug|Any CPU.ActiveCfg = Debug|Any CPU
		{EC3DF313-A3A3-42BD-8102-C50ADFC4AE5E}.Debug|Any CPU.Build.0 = Debug|Any CPU
		{EC3DF313-A3A3-42BD-8102-C50ADFC4AE5E}.Debug|x64.ActiveCfg = Debug|Any CPU
		{EC3DF313-A3A3-42BD-8102-C50ADFC4AE5E}.Debug|x64.Build.0 = Debug|Any CPU
		{EC3DF313-A3A3-42BD-8102-C50ADFC4AE5E}.Debug|x86.ActiveCfg = Debug|Any CPU
		{EC3DF313-A3A3-42BD-8102-C50ADFC4AE5E}.Debug|x86.Build.0 = Debug|Any CPU
		{EC3DF313-A3A3-42BD-8102-C50ADFC4AE5E}.Release|Any CPU.ActiveCfg = Release|Any CPU
		{EC3DF313-A3A3-42BD-8102-C50ADFC4AE5E}.Release|Any CPU.Build.0 = Release|Any CPU
		{EC3DF313-A3A3-42BD-8102-C50ADFC4AE5E}.Release|x64.ActiveCfg = Release|Any CPU
		{EC3DF313-A3A3-42BD-8102-C50ADFC4AE5E}.Release|x64.Build.0 = Release|Any CPU
		{EC3DF313-A3A3-42BD-8102-C50ADFC4AE5E}.Release|x86.ActiveCfg = Release|Any CPU
		{EC3DF313-A3A3-42BD-8102-C50ADFC4AE5E}.Release|x86.Build.0 = Release|Any CPU
		{05FEF598-F7F1-440C-8FAB-B6184D000AD9}.Debug|Any CPU.ActiveCfg = Debug|Any CPU
		{05FEF598-F7F1-440C-8FAB-B6184D000AD9}.Debug|Any CPU.Build.0 = Debug|Any CPU
		{05FEF598-F7F1-440C-8FAB-B6184D000AD9}.Debug|x64.ActiveCfg = Debug|Any CPU
		{05FEF598-F7F1-440C-8FAB-B6184D000AD9}.Debug|x64.Build.0 = Debug|Any CPU
		{05FEF598-F7F1-440C-8FAB-B6184D000AD9}.Debug|x86.ActiveCfg = Debug|Any CPU
		{05FEF598-F7F1-440C-8FAB-B6184D000AD9}.Debug|x86.Build.0 = Debug|Any CPU
		{05FEF598-F7F1-440C-8FAB-B6184D000AD9}.Release|Any CPU.ActiveCfg = Release|Any CPU
		{05FEF598-F7F1-440C-8FAB-B6184D000AD9}.Release|Any CPU.Build.0 = Release|Any CPU
		{05FEF598-F7F1-440C-8FAB-B6184D000AD9}.Release|x64.ActiveCfg = Release|Any CPU
		{05FEF598-F7F1-440C-8FAB-B6184D000AD9}.Release|x64.Build.0 = Release|Any CPU
		{05FEF598-F7F1-440C-8FAB-B6184D000AD9}.Release|x86.ActiveCfg = Release|Any CPU
		{05FEF598-F7F1-440C-8FAB-B6184D000AD9}.Release|x86.Build.0 = Release|Any CPU
		{C240455E-6507-4267-AD66-7C7B2B28FECB}.Debug|Any CPU.ActiveCfg = Debug|Any CPU
		{C240455E-6507-4267-AD66-7C7B2B28FECB}.Debug|Any CPU.Build.0 = Debug|Any CPU
		{C240455E-6507-4267-AD66-7C7B2B28FECB}.Debug|x64.ActiveCfg = Debug|Any CPU
		{C240455E-6507-4267-AD66-7C7B2B28FECB}.Debug|x64.Build.0 = Debug|Any CPU
		{C240455E-6507-4267-AD66-7C7B2B28FECB}.Debug|x86.ActiveCfg = Debug|Any CPU
		{C240455E-6507-4267-AD66-7C7B2B28FECB}.Debug|x86.Build.0 = Debug|Any CPU
		{C240455E-6507-4267-AD66-7C7B2B28FECB}.Release|Any CPU.ActiveCfg = Release|Any CPU
		{C240455E-6507-4267-AD66-7C7B2B28FECB}.Release|Any CPU.Build.0 = Release|Any CPU
		{C240455E-6507-4267-AD66-7C7B2B28FECB}.Release|x64.ActiveCfg = Release|Any CPU
		{C240455E-6507-4267-AD66-7C7B2B28FECB}.Release|x64.Build.0 = Release|Any CPU
		{C240455E-6507-4267-AD66-7C7B2B28FECB}.Release|x86.ActiveCfg = Release|Any CPU
		{C240455E-6507-4267-AD66-7C7B2B28FECB}.Release|x86.Build.0 = Release|Any CPU
	EndGlobalSection
	GlobalSection(SolutionProperties) = preSolution
		HideSolutionNode = FALSE
	EndGlobalSection
	GlobalSection(NestedProjects) = preSolution
		{EC3DF313-A3A3-42BD-8102-C50ADFC4AE5E} = {5883FC99-E194-4F41-8645-8EE2C4E18EEF}
		{05FEF598-F7F1-440C-8FAB-B6184D000AD9} = {53BFA3DC-16F3-4A94-8D63-4084867980FE}
		{C240455E-6507-4267-AD66-7C7B2B28FECB} = {DF6AAC18-9998-4DE9-9EDB-EB74D57CE520}
	EndGlobalSection
	GlobalSection(ExtensibilityGlobals) = postSolution
		SolutionGuid = {56A891D5-4845-4503-A205-A8227B356DA7}
	EndGlobalSection
EndGlobal
